
Microsoft Visual Studio Solution File, Format Version 12.00
# Visual Studio Version 16
VisualStudioVersion = 16.0.30204.135
MinimumVisualStudioVersion = 10.0.40219.1
Project("{9A19103F-16F7-4668-BE54-9A1E7A4F7556}") = "PolygonClipper", "src\PolygonClipper\PolygonClipper.csproj", "{3C8D945E-6074-437E-B6EA-237BD0C80411}"
EndProject
Project("{2150E333-8FDC-42A3-9474-1A3956D46DE8}") = "src", "src", "{F0882E95-667C-48FE-B43A-24FC55D9F354}"
EndProject
Project("{2150E333-8FDC-42A3-9474-1A3956D46DE8}") = "tests", "tests", "{84C4B358-492B-46FC-9F11-FBB76B06BD3F}"
EndProject
Project("{FAE04EC0-301F-11D3-BF4B-00C04F79EFBC}") = "PolygonClipper.Tests", "tests\PolygonClipper.Tests\PolygonClipper.Tests.csproj", "{6997B09A-A419-4469-A51C-D21973E4F800}"
EndProject
Project("{2150E333-8FDC-42A3-9474-1A3956D46DE8}") = "Solution Items", "Solution Items", "{6B327CDE-88A5-4715-A8A3-E9A8C80EA10C}"
	ProjectSection(SolutionItems) = preProject
		.editorconfig = .editorconfig
		.gitattributes = .gitattributes
		.gitignore = .gitignore
		LICENSE = LICENSE
		README.md = README.md
	EndProjectSection
EndProject
Global
	GlobalSection(SolutionConfigurationPlatforms) = preSolution
		Debug|Any CPU = Debug|Any CPU
		Release|Any CPU = Release|Any CPU
	EndGlobalSection
	GlobalSection(ProjectConfigurationPlatforms) = postSolution
		{3C8D945E-6074-437E-B6EA-237BD0C80411}.Debug|Any CPU.ActiveCfg = Debug|Any CPU
		{3C8D945E-6074-437E-B6EA-237BD0C80411}.Debug|Any CPU.Build.0 = Debug|Any CPU
		{3C8D945E-6074-437E-B6EA-237BD0C80411}.Release|Any CPU.ActiveCfg = Release|Any CPU
		{3C8D945E-6074-437E-B6EA-237BD0C80411}.Release|Any CPU.Build.0 = Release|Any CPU
		{6997B09A-A419-4469-A51C-D21973E4F800}.Debug|Any CPU.ActiveCfg = Debug|Any CPU
		{6997B09A-A419-4469-A51C-D21973E4F800}.Debug|Any CPU.Build.0 = Debug|Any CPU
		{6997B09A-A419-4469-A51C-D21973E4F800}.Release|Any CPU.ActiveCfg = Release|Any CPU
		{6997B09A-A419-4469-A51C-D21973E4F800}.Release|Any CPU.Build.0 = Release|Any CPU
	EndGlobalSection
	GlobalSection(SolutionProperties) = preSolution
		HideSolutionNode = FALSE
	EndGlobalSection
	GlobalSection(NestedProjects) = preSolution
		{3C8D945E-6074-437E-B6EA-237BD0C80411} = {F0882E95-667C-48FE-B43A-24FC55D9F354}
		{6997B09A-A419-4469-A51C-D21973E4F800} = {84C4B358-492B-46FC-9F11-FBB76B06BD3F}
	EndGlobalSection
	GlobalSection(ExtensibilityGlobals) = postSolution
		SolutionGuid = {2C73BEEC-091B-45E4-A0BD-7D7CD16A8451}
	EndGlobalSection
EndGlobal
